
Microsoft Visual Studio Solution File, Format Version 11.00
# Visual Studio 2010
Project("{8BC9CEB8-8B4A-11D0-8D11-00A0C91BC942}") = "DDDProfiler", "DDDProfiler\DDDProfiler.vcxproj", "{4433C836-63ED-47B5-ABD4-192945EF2AFA}"
EndProject
Project("{FAE04EC0-301F-11D3-BF4B-00C04F79EFBC}") = "ProfilerHost", "ProfilerHost\ProfilerHost.csproj", "{70125EF7-1BBA-4508-8900-1D176D725368}"
EndProject
Project("{FAE04EC0-301F-11D3-BF4B-00C04F79EFBC}") = "ProfilerTarget", "ProfilerTarget\ProfilerTarget.csproj", "{7ADB7181-7442-4115-9E92-F703A0357C56}"
EndProject
Global
	GlobalSection(SolutionConfigurationPlatforms) = preSolution
		Debug|Mixed Platforms = Debug|Mixed Platforms
		Debug|Win32 = Debug|Win32
		Debug|x86 = Debug|x86
		Release|Mixed Platforms = Release|Mixed Platforms
		Release|Win32 = Release|Win32
		Release|x86 = Release|x86
	EndGlobalSection
	GlobalSection(ProjectConfigurationPlatforms) = postSolution
		{4433C836-63ED-47B5-ABD4-192945EF2AFA}.Debug|Mixed Platforms.ActiveCfg = Debug|Win32
		{4433C836-63ED-47B5-ABD4-192945EF2AFA}.Debug|Mixed Platforms.Build.0 = Debug|Win32
		{4433C836-63ED-47B5-ABD4-192945EF2AFA}.Debug|Win32.ActiveCfg = Debug|Win32
		{4433C836-63ED-47B5-ABD4-192945EF2AFA}.Debug|Win32.Build.0 = Debug|Win32
		{4433C836-63ED-47B5-ABD4-192945EF2AFA}.Debug|x86.ActiveCfg = Debug|Win32
		{4433C836-63ED-47B5-ABD4-192945EF2AFA}.Release|Mixed Platforms.ActiveCfg = Release|Win32
		{4433C836-63ED-47B5-ABD4-192945EF2AFA}.Release|Mixed Platforms.Build.0 = Release|Win32
		{4433C836-63ED-47B5-ABD4-192945EF2AFA}.Release|Win32.ActiveCfg = Release|Win32
		{4433C836-63ED-47B5-ABD4-192945EF2AFA}.Release|Win32.Build.0 = Release|Win32
		{4433C836-63ED-47B5-ABD4-192945EF2AFA}.Release|x86.ActiveCfg = Release|Win32
		{70125EF7-1BBA-4508-8900-1D176D725368}.Debug|Mixed Platforms.ActiveCfg = Debug|x86
		{70125EF7-1BBA-4508-8900-1D176D725368}.Debug|Mixed Platforms.Build.0 = Debug|x86
		{70125EF7-1BBA-4508-8900-1D176D725368}.Debug|Win32.ActiveCfg = Debug|x86
		{70125EF7-1BBA-4508-8900-1D176D725368}.Debug|x86.ActiveCfg = Debug|x86
		{70125EF7-1BBA-4508-8900-1D176D725368}.Debug|x86.Build.0 = Debug|x86
		{70125EF7-1BBA-4508-8900-1D176D725368}.Release|Mixed Platforms.ActiveCfg = Release|x86
		{70125EF7-1BBA-4508-8900-1D176D725368}.Release|Mixed Platforms.Build.0 = Release|x86
		{70125EF7-1BBA-4508-8900-1D176D725368}.Release|Win32.ActiveCfg = Release|x86
		{70125EF7-1BBA-4508-8900-1D176D725368}.Release|x86.ActiveCfg = Release|x86
		{70125EF7-1BBA-4508-8900-1D176D725368}.Release|x86.Build.0 = Release|x86
		{7ADB7181-7442-4115-9E92-F703A0357C56}.Debug|Mixed Platforms.ActiveCfg = Debug|x86
		{7ADB7181-7442-4115-9E92-F703A0357C56}.Debug|Mixed Platforms.Build.0 = Debug|x86
		{7ADB7181-7442-4115-9E92-F703A0357C56}.Debug|Win32.ActiveCfg = Debug|x86
		{7ADB7181-7442-4115-9E92-F703A0357C56}.Debug|x86.ActiveCfg = Debug|x86
		{7ADB7181-7442-4115-9E92-F703A0357C56}.Debug|x86.Build.0 = Debug|x86
		{7ADB7181-7442-4115-9E92-F703A0357C56}.Release|Mixed Platforms.ActiveCfg = Release|x86
		{7ADB7181-7442-4115-9E92-F703A0357C56}.Release|Mixed Platforms.Build.0 = Release|x86
		{7ADB7181-7442-4115-9E92-F703A0357C56}.Release|Win32.ActiveCfg = Release|x86
		{7ADB7181-7442-4115-9E92-F703A0357C56}.Release|x86.ActiveCfg = Release|x86
		{7ADB7181-7442-4115-9E92-F703A0357C56}.Release|x86.Build.0 = Release|x86
	EndGlobalSection
	GlobalSection(SolutionProperties) = preSolution
		HideSolutionNode = FALSE
	EndGlobalSection
EndGlobal
